lockfileVersion: '9.0'

settings:
  autoInstallPeers: true
  excludeLinksFromLockfile: false

importers:

  .:
    devDependencies:
      '@openzeppelin/contracts-upgradeable':
        specifier: ^4.8.0
        version: 4.9.6

packages:

  '@openzeppelin/contracts-upgradeable@4.9.6':
    resolution: {integrity: sha512-m4iHazOsOCv1DgM7eD7GupTJ+NFVujRZt1wzddDPSVGpWdKq1SKkla5htKG7+IS4d2XOCtzkUNwRZ7Vq5aEUMA==}

snapshots:

  '@openzeppelin/contracts-upgradeable@4.9.6': {}
